{
  "originHash" : "0231b8d4fd7bfe0fe4e7fd9d6925cf6bde719216ea66012029f44549d64ae955",
  "pins" : [
    {
      "identity" : "ios-rapidsnark",
      "kind" : "remoteSourceControl",
      "location" : "https://github.com/iden3/ios-rapidsnark.git",
      "state" : {
        "branch" : "feature/integration_tests",
        "revision" : "04e58254e49900c427312e55322f2de661dd11bb"
      }
    },
    {
      "identity" : "zipfoundation",
      "kind" : "remoteSourceControl",
      "location" : "https://github.com/weichsel/ZIPFoundation.git",
      "state" : {
        "revision" : "02b6abe5f6eef7e3cbd5f247c5cc24e246efcfe0",
        "version" : "0.9.19"
      }
    }
  ],
  "version" : 3
}
