{
  "originHash" : "b51d5db8cd7de224cd8af6ef16e550ace74f18bc2803d0bf87ab2ea6825eac6b",
  "pins" : [
    {
      "identity" : "ios-rapidsnark",
      "kind" : "remoteSourceControl",
      "location" : "https://github.com/iden3/ios-rapidsnark.git",
      "state" : {
        "branch" : "0.0.1-beta.2",
        "revision" : "120a06abca61e3afabe78779447698cba4910af9"
      }
    },
    {
      "identity" : "zipfoundation",
      "kind" : "remoteSourceControl",
      "location" : "https://github.com/weichsel/ZIPFoundation.git",
      "state" : {
        "revision" : "02b6abe5f6eef7e3cbd5f247c5cc24e246efcfe0",
        "version" : "0.9.19"
      }
    }
  ],
  "version" : 3
}
